// !$*UTF8*$!
{
	archiveVersion = 1;
	classes = {
	};
	objectVersion = 77;
	objects = {

/* Begin PBXContainerItemProxy section */
		CC88559E2D239CFD00979A72 /* PBXContainerItemProxy */ = {
			isa = PBXContainerItemProxy;
			containerPortal = CC8855852D239CFC00979A72 /* Project object */;
			proxyType = 1;
			remoteGlobalIDString = CC88558C2D239CFC00979A72;
			remoteInfo = NewLedger;
		};
		CC8855A82D239CFD00979A72 /* PBXContainerItemProxy */ = {
			isa = PBXContainerItemProxy;
			containerPortal = CC8855852D239CFC00979A72 /* Project object */;
			proxyType = 1;
			remoteGlobalIDString = CC88558C2D239CFC00979A72;
			remoteInfo = NewLedger;
		};
/* End PBXContainerItemProxy section */

/* Begin PBXFileReference section */
		CC88558D2D239CFC00979A72 /* NewLedger.app */ = {isa = PBXFileReference; explicitFileType = wrapper.application; includeInIndex = 0; path = NewLedger.app; sourceTree = BUILT_PRODUCTS_DIR; };
		CC88559D2D239CFD00979A72 /* NewLedgerTests.xctest */ = {isa = PBXFileReference; explicitFileType = wrapper.cfbundle; includeInIndex = 0; path = NewLedgerTests.xctest; sourceTree = BUILT_PRODUCTS_DIR; };
		CC8855A72D239CFD00979A72 /* NewLedgerUITests.xctest */ = {isa = PBXFileReference; explicitFileType = wrapper.cfbundle; includeInIndex = 0; path = NewLedgerUITests.xctest; sourceTree = BUILT_PRODUCTS_DIR; };
/* End PBXFileReference section */

/* Begin PBXFileSystemSynchronizedBuildFileExceptionSet section */
		CC8855E62D265E7500979A72 /* Exceptions for "NewLedger" folder in "NewLedger" target */ = {
			isa = PBXFileSystemSynchronizedBuildFileExceptionSet;
			membershipExceptions = (
				Info.plist,
			);
			target = CC88558C2D239CFC00979A72 /* NewLedger */;
		};
/* End PBXFileSystemSynchronizedBuildFileExceptionSet section */

/* Begin PBXFileSystemSynchronizedRootGroup section */
		CC88558F2D239CFC00979A72 /* NewLedger */ = {
			isa = PBXFileSystemSynchronizedRootGroup;
			exceptions = (
				CC8855E62D265E7500979A72 /* Exceptions for "NewLedger" folder in "NewLedger" target */,
			);
			path = NewLedger;
			sourceTree = "<group>";
		};
		CC8855A02D239CFD00979A72 /* NewLedgerTests */ = {
			isa = PBXFileSystemSynchronizedRootGroup;
			path = NewLedgerTests;
			sourceTree = "<group>";
		};
		CC8855AA2D239CFD00979A72 /* NewLedgerUITests */ = {
			isa = PBXFileSystemSynchronizedRootGroup;
			path = NewLedgerUITests;
			sourceTree = "<group>";
		};
/* End PBXFileSystemSynchronizedRootGroup section */

/* Begin PBXFrameworksBuildPhase section */
		CC88558A2D239CFC00979A72 /* Frameworks */ = {
			isa = PBXFrameworksBuildPhase;
			buildActionMask = 2147483647;
			files = (
			);
			runOnlyForDeploymentPostprocessing = 0;
		};
		CC88559A2D239CFD00979A72 /* Frameworks */ = {
			isa = PBXFrameworksBuildPhase;
			buildActionMask = 2147483647;
			files = (
			);
			runOnlyForDeploymentPostprocessing = 0;
		};
		CC8855A42D239CFD00979A72 /* Frameworks */ = {
			isa = PBXFrameworksBuildPhase;
			buildActionMask = 2147483647;
			files = (
			);
			runOnlyForDeploymentPostprocessing = 0;
		};
/* End PBXFrameworksBuildPhase section */

/* Begin PBXGroup section */
		CC8855842D239CFC00979A72 = {
			isa = PBXGroup;
			children = (
				CC88558F2D239CFC00979A72 /* NewLedger */,
				CC8855A02D239CFD00979A72 /* NewLedgerTests */,
				CC8855AA2D239CFD00979A72 /* NewLedgerUITests */,
				CC88558E2D239CFC00979A72 /* Products */,
			);
			sourceTree = "<group>";
		};
		CC88558E2D239CFC00979A72 /* Products */ = {
			isa = PBXGroup;
			children = (
				CC88558D2D239CFC00979A72 /* NewLedger.app */,
				CC88559D2D239CFD00979A72 /* NewLedgerTests.xctest */,
				CC8855A72D239CFD00979A72 /* NewLedgerUITests.xctest */,
			);
			name = Products;
			sourceTree = "<group>";
		};
/* End PBXGroup section */

/* Begin PBXNativeTarget section */
		CC88558C2D239CFC00979A72 /* NewLedger */ = {
			isa = PBXNativeTarget;
			buildConfigurationList = CC8855B12D239CFD00979A72 /* Build configuration list for PBXNativeTarget "NewLedger" */;
			buildPhases = (
				CC8855892D239CFC00979A72 /* Sources */,
				CC88558A2D239CFC00979A72 /* Frameworks */,
				CC88558B2D239CFC00979A72 /* Resources */,
			);
			buildRules = (
			);
			dependencies = (
			);
			fileSystemSynchronizedGroups = (
				CC88558F2D239CFC00979A72 /* NewLedger */,
			);
			name = NewLedger;
			packageProductDependencies = (
			);
			productName = NewLedger;
			productReference = CC88558D2D239CFC00979A72 /* NewLedger.app */;
			productType = "com.apple.product-type.application";
		};
		CC88559C2D239CFD00979A72 /* NewLedgerTests */ = {
			isa = PBXNativeTarget;
			buildConfigurationList = CC8855B42D239CFD00979A72 /* Build configuration list for PBXNativeTarget "NewLedgerTests" */;
			buildPhases = (
				CC8855992D239CFD00979A72 /* Sources */,
				CC88559A2D239CFD00979A72 /* Frameworks */,
				CC88559B2D239CFD00979A72 /* Resources */,
			);
			buildRules = (
			);
			dependencies = (
				CC88559F2D239CFD00979A72 /* PBXTargetDependency */,
			);
			fileSystemSynchronizedGroups = (
				CC8855A02D239CFD00979A72 /* NewLedgerTests */,
			);
			name = NewLedgerTests;
			packageProductDependencies = (
			);
			productName = NewLedgerTests;
			productReference = CC88559D2D239CFD00979A72 /* NewLedgerTests.xctest */;
			productType = "com.apple.product-type.bundle.unit-test";
		};
		CC8855A62D239CFD00979A72 /* NewLedgerUITests */ = {
			isa = PBXNativeTarget;
			buildConfigurationList = CC8855B72D239CFD00979A72 /* Build configuration list for PBXNativeTarget "NewLedgerUITests" */;
			buildPhases = (
				CC8855A32D239CFD00979A72 /* Sources */,
				CC8855A42D239CFD00979A72 /* Frameworks */,
				CC8855A52D239CFD00979A72 /* Resources */,
			);
			buildRules = (
			);
			dependencies = (
				CC8855A92D239CFD00979A72 /* PBXTargetDependency */,
			);
			fileSystemSynchronizedGroups = (
				CC8855AA2D239CFD00979A72 /* NewLedgerUITests */,
			);
			name = NewLedgerUITests;
			packageProductDependencies = (
			);
			productName = NewLedgerUITests;
			productReference = CC8855A72D239CFD00979A72 /* NewLedgerUITests.xctest */;
			productType = "com.apple.product-type.bundle.ui-testing";
		};
/* End PBXNativeTarget section */

/* Begin PBXProject section */
		CC8855852D239CFC00979A72 /* Project object */ = {
			isa = PBXProject;
			attributes = {
				BuildIndependentTargetsInParallel = 1;
				LastSwiftUpdateCheck = 1620;
				LastUpgradeCheck = 1620;
				TargetAttributes = {
					CC88558C2D239CFC00979A72 = {
						CreatedOnToolsVersion = 16.2;
					};
					CC88559C2D239CFD00979A72 = {
						CreatedOnToolsVersion = 16.2;
						TestTargetID = CC88558C2D239CFC00979A72;
					};
					CC8855A62D239CFD00979A72 = {
						CreatedOnToolsVersion = 16.2;
						TestTargetID = CC88558C2D239CFC00979A72;
					};
				};
			};
			buildConfigurationList = CC8855882D239CFC00979A72 /* Build configuration list for PBXProject "NewLedger" */;
			developmentRegion = en;
			hasScannedForEncodings = 0;
			knownRegions = (
				en,
				Base,
			);
			mainGroup = CC8855842D239CFC00979A72;
			minimizedProjectReferenceProxies = 1;
			preferredProjectObjectVersion = 77;
			productRefGroup = CC88558E2D239CFC00979A72 /* Products */;
			projectDirPath = "";
			projectRoot = "";
			targets = (
				CC88558C2D239CFC00979A72 /* NewLedger */,
				CC88559C2D239CFD00979A72 /* NewLedgerTests */,
				CC8855A62D239CFD00979A72 /* NewLedgerUITests */,
			);
		};
/* End PBXProject section */

/* Begin PBXResourcesBuildPhase section */
		CC88558B2D239CFC00979A72 /* Resources */ = {
			isa = PBXResourcesBuildPhase;
			buildActionMask = 2147483647;
			files = (
			);
			runOnlyForDeploymentPostprocessing = 0;
		};
		CC88559B2D239CFD00979A72 /* Resources */ = {
			isa = PBXResourcesBuildPhase;
			buildActionMask = 2147483647;
			files = (
			);
			runOnlyForDeploymentPostprocessing = 0;
		};
		CC8855A52D239CFD00979A72 /* Resources */ = {
			isa = PBXResourcesBuildPhase;
			buildActionMask = 2147483647;
			files = (
			);
			runOnlyForDeploymentPostprocessing = 0;
		};
/* End PBXResourcesBuildPhase section */

/* Begin PBXSourcesBuildPhase section */
		CC8855892D239CFC00979A72 /* Sources */ = {
			isa = PBXSourcesBuildPhase;
			buildActionMask = 2147483647;
			files = (
			);
			runOnlyForDeploymentPostprocessing = 0;
		};
		CC8855992D239CFD00979A72 /* Sources */ = {
			isa = PBXSourcesBuildPhase;
			buildActionMask = 2147483647;
			files = (
			);
			runOnlyForDeploymentPostprocessing = 0;
		};
		CC8855A32D239CFD00979A72 /* Sources */ = {
			isa = PBXSourcesBuildPhase;
			buildActionMask = 2147483647;
			files = (
			);
			runOnlyForDeploymentPostprocessing = 0;
		};
/* End PBXSourcesBuildPhase section */

/* Begin PBXTargetDependency section */
		CC88559F2D239CFD00979A72 /* PBXTargetDependency */ = {
			isa = PBXTargetDependency;
			target = CC88558C2D239CFC00979A72 /* NewLedger */;
			targetProxy = CC88559E2D239CFD00979A72 /* PBXContainerItemProxy */;
		};
		CC8855A92D239CFD00979A72 /* PBXTargetDependency */ = {
			isa = PBXTargetDependency;
			target = CC88558C2D239CFC00979A72 /* NewLedger */;
			targetProxy = CC8855A82D239CFD00979A72 /* PBXContainerItemProxy */;
		};
/* End PBXTargetDependency section */

/* Begin XCBuildConfiguration section */
		CC8855AF2D239CFD00979A72 /* Debug */ = {
			isa = XCBuildConfiguration;
			buildSettings = {
				ALWAYS_SEARCH_USER_PATHS = NO;
				ASSETCATALOG_COMPILER_GENERATE_SWIFT_ASSET_SYMBOL_EXTENSIONS = YES;
				CLANG_ANALYZER_NONNULL = YES;
				CLANG_ANALYZER_NUMBER_OBJECT_CONVERSION = YES_AGGRESSIVE;
				CLANG_CXX_LANGUAGE_STANDARD = "gnu++20";
				CLANG_ENABLE_MODULES = YES;
				CLANG_ENABLE_OBJC_ARC = YES;
				CLANG_ENABLE_OBJC_WEAK = YES;
				CLANG_WARN_BLOCK_CAPTURE_AUTORELEASING = YES;
				CLANG_WARN_BOOL_CONVERSION = YES;
				CLANG_WARN_COMMA = YES;
				CLANG_WARN_CONSTANT_CONVERSION = YES;
				CLANG_WARN_DEPRECATED_OBJC_IMPLEMENTATIONS = YES;
				CLANG_WARN_DIRECT_OBJC_ISA_USAGE = YES_ERROR;
				CLANG_WARN_DOCUMENTATION_COMMENTS = YES;
				CLANG_WARN_EMPTY_BODY = YES;
				CLANG_WARN_ENUM_CONVERSION = YES;
				CLANG_WARN_INFINITE_RECURSION = YES;
				CLANG_WARN_INT_CONVERSION = YES;
				CLANG_WARN_NON_LITERAL_NULL_CONVERSION = YES;
				CLANG_WARN_OBJC_IMPLICIT_RETAIN_SELF = YES;
				CLANG_WARN_OBJC_LITERAL_CONVERSION = YES;
				CLANG_WARN_OBJC_ROOT_CLASS = YES_ERROR;
				CLANG_WARN_QUOTED_INCLUDE_IN_FRAMEWORK_HEADER = YES;
				CLANG_WARN_RANGE_LOOP_ANALYSIS = YES;
				CLANG_WARN_STRICT_PROTOTYPES = YES;
				CLANG_WARN_SUSPICIOUS_MOVE = YES;
				CLANG_WARN_UNGUARDED_AVAILABILITY = YES_AGGRESSIVE;
				CLANG_WARN_UNREACHABLE_CODE = YES;
				CLANG_WARN__DUPLICATE_METHOD_MATCH = YES;
				COPY_PHASE_STRIP = NO;
				DEBUG_INFORMATION_FORMAT = dwarf;
				ENABLE_STRICT_OBJC_MSGSEND = YES;
				ENABLE_TESTABILITY = YES;
				ENABLE_USER_SCRIPT_SANDBOXING = YES;
				GCC_C_LANGUAGE_STANDARD = gnu17;
				GCC_DYNAMIC_NO_PIC = NO;
				GCC_NO_COMMON_BLOCKS = YES;
				GCC_OPTIMIZATION_LEVEL = 0;
				GCC_PREPROCESSOR_DEFINITIONS = (
					"DEBUG=1",
					"$(inherited)",
				);
				GCC_WARN_64_TO_32_BIT_CONVERSION = YES;
				GCC_WARN_ABOUT_RETURN_TYPE = YES_ERROR;
				GCC_WARN_UNDECLARED_SELECTOR = YES;
				GCC_WARN_UNINITIALIZED_AUTOS = YES_AGGRESSIVE;
				GCC_WARN_UNUSED_FUNCTION = YES;
				GCC_WARN_UNUSED_VARIABLE = YES;
				IPHONEOS_DEPLOYMENT_TARGET = 18.2;
				LOCALIZATION_PREFERS_STRING_CATALOGS = YES;
				MTL_ENABLE_DEBUG_INFO = INCLUDE_SOURCE;
				MTL_FAST_MATH = YES;
				ONLY_ACTIVE_ARCH = YES;
				SDKROOT = iphoneos;
				SWIFT_ACTIVE_COMPILATION_CONDITIONS = "DEBUG $(inherited)";
				SWIFT_OPTIMIZATION_LEVEL = "-Onone";
			};
			name = Debug;
		};
		CC8855B02D239CFD00979A72 /* Release */ = {
			isa = XCBuildConfiguration;
			buildSettings = {
				ALWAYS_SEARCH_USER_PATHS = NO;
				ASSETCATALOG_COMPILER_GENERATE_SWIFT_ASSET_SYMBOL_EXTENSIONS = YES;
				CLANG_ANALYZER_NONNULL = YES;
				CLANG_ANALYZER_NUMBER_OBJECT_CONVERSION = YES_AGGRESSIVE;
				CLANG_CXX_LANGUAGE_STANDARD = "gnu++20";
				CLANG_ENABLE_MODULES = YES;
				CLANG_ENABLE_OBJC_ARC = YES;
				CLANG_ENABLE_OBJC_WEAK = YES;
				CLANG_WARN_BLOCK_CAPTURE_AUTORELEASING = YES;
				CLANG_WARN_BOOL_CONVERSION = YES;
				CLANG_WARN_COMMA = YES;
				CLANG_WARN_CONSTANT_CONVERSION = YES;
				CLANG_WARN_DEPRECATED_OBJC_IMPLEMENTATIONS = YES;
				CLANG_WARN_DIRECT_OBJC_ISA_USAGE = YES_ERROR;
				CLANG_WARN_DOCUMENTATION_COMMENTS = YES;
				CLANG_WARN_EMPTY_BODY = YES;
				CLANG_WARN_ENUM_CONVERSION = YES;
				CLANG_WARN_INFINITE_RECURSION = YES;
				CLANG_WARN_INT_CONVERSION = YES;
				CLANG_WARN_NON_LITERAL_NULL_CONVERSION = YES;
				CLANG_WARN_OBJC_IMPLICIT_RETAIN_SELF = YES;
				CLANG_WARN_OBJC_LITERAL_CONVERSION = YES;
				CLANG_WARN_OBJC_ROOT_CLASS = YES_ERROR;
				CLANG_WARN_QUOTED_INCLUDE_IN_FRAMEWORK_HEADER = YES;
				CLANG_WARN_RANGE_LOOP_ANALYSIS = YES;
				CLANG_WARN_STRICT_PROTOTYPES = YES;
				CLANG_WARN_SUSPICIOUS_MOVE = YES;
				CLANG_WARN_UNGUARDED_AVAILABILITY = YES_AGGRESSIVE;
				CLANG_WARN_UNREACHABLE_CODE = YES;
				CLANG_WARN__DUPLICATE_METHOD_MATCH = YES;
				COPY_PHASE_STRIP = NO;
				DEBUG_INFORMATION_FORMAT = "dwarf-with-dsym";
				ENABLE_NS_ASSERTIONS = NO;
				ENABLE_STRICT_OBJC_MSGSEND = YES;
				ENABLE_USER_SCRIPT_SANDBOXING = YES;
				GCC_C_LANGUAGE_STANDARD = gnu17;
				GCC_NO_COMMON_BLOCKS = YES;
				GCC_WARN_64_TO_32_BIT_CONVERSION = YES;
				GCC_WARN_ABOUT_RETURN_TYPE = YES_ERROR;
				GCC_WARN_UNDECLARED_SELECTOR = YES;
				GCC_WARN_UNINITIALIZED_AUTOS = YES_AGGRESSIVE;
				GCC_WARN_UNUSED_FUNCTION = YES;
				GCC_WARN_UNUSED_VARIABLE = YES;
				IPHONEOS_DEPLOYMENT_TARGET = 18.2;
				LOCALIZATION_PREFERS_STRING_CATALOGS = YES;
				MTL_ENABLE_DEBUG_INFO = NO;
				MTL_FAST_MATH = YES;
				SDKROOT = iphoneos;
				SWIFT_COMPILATION_MODE = wholemodule;
				VALIDATE_PRODUCT = YES;
			};
			name = Release;
		};
		CC8855B22D239CFD00979A72 /* Debug */ = {
			isa = XCBuildConfiguration;
			buildSettings = {
				ASSETCATALOG_COMPILER_APPICON_NAME = AppIcon;
				ASSETCATALOG_COMPILER_GLOBAL_ACCENT_COLOR_NAME = AccentColor;
				CODE_SIGN_STYLE = Automatic;
				CURRENT_PROJECT_VERSION = 1;
				DEVELOPMENT_ASSET_PATHS = "\"NewLedger/Preview Content\"";
				DEVELOPMENT_TEAM = XUDMG6K4WJ;
				ENABLE_PREVIEWS = YES;
				GENERATE_INFOPLIST_FILE = YES;
				INFOPLIST_FILE = NewLedger/Info.plist;
				INFOPLIST_KEY_UIApplicationSceneManifest_Generation = YES;
				INFOPLIST_KEY_UIApplicationSupportsIndirectInputEvents = YES;
				INFOPLIST_KEY_UILaunchScreen_Generation = YES;
				INFOPLIST_KEY_UISupportedInterfaceOrientations_iPad = "UIInterfaceOrientationPortrait UIInterfaceOrientationPortraitUpsideDown UIInterfaceOrientationLandscapeLeft UIInterfaceOrientationLandscapeRight";
				INFOPLIST_KEY_UISupportedInterfaceOrientations_iPhone = "UIInterfaceOrientationPortrait UIInterfaceOrientationLandscapeLeft UIInterfaceOrientationLandscapeRight";
				LD_RUNPATH_SEARCH_PATHS = (
					"$(inherited)",
					"@executable_path/Frameworks",
				);
				MARKETING_VERSION = 1.0;
				PRODUCT_BUNDLE_IDENTIFIER = yuyu.lin.NewLedger;
				PRODUCT_NAME = "$(TARGET_NAME)";
				SWIFT_EMIT_LOC_STRINGS = YES;
				SWIFT_VERSION = 5.0;
				TARGETED_DEVICE_FAMILY = "1,2";
			};
			name = Debug;
		};
		CC8855B32D239CFD00979A72 /* Release */ = {
			isa = XCBuildConfiguration;
			buildSettings = {
				ASSETCATALOG_COMPILER_APPICON_NAME = AppIcon;
				ASSETCATALOG_COMPILER_GLOBAL_ACCENT_COLOR_NAME = AccentColor;
				CODE_SIGN_STYLE = Automatic;
				CURRENT_PROJECT_VERSION = 1;
				DEVELOPMENT_ASSET_PATHS = "\"NewLedger/Preview Content\"";
				DEVELOPMENT_TEAM = XUDMG6K4WJ;
				ENABLE_PREVIEWS = YES;
				GENERATE_INFOPLIST_FILE = YES;
				INFOPLIST_FILE = NewLedger/Info.plist;
				INFOPLIST_KEY_UIApplicationSceneManifest_Generation = YES;
				INFOPLIST_KEY_UIApplicationSupportsIndirectInputEvents = YES;
				INFOPLIST_KEY_UILaunchScreen_Generation = YES;
				INFOPLIST_KEY_UISupportedInterfaceOrientations_iPad = "UIInterfaceOrientationPortrait UIInterfaceOrientationPortraitUpsideDown UIInterfaceOrientationLandscapeLeft UIInterfaceOrientationLandscapeRight";
				INFOPLIST_KEY_UISupportedInterfaceOrientations_iPhone = "UIInterfaceOrientationPortrait UIInterfaceOrientationLandscapeLeft UIInterfaceOrientationLandscapeRight";
				LD_RUNPATH_SEARCH_PATHS = (
					"$(inherited)",
					"@executable_path/Frameworks",
				);
				MARKETING_VERSION = 1.0;
				PRODUCT_BUNDLE_IDENTIFIER = yuyu.lin.NewLedger;
				PRODUCT_NAME = "$(TARGET_NAME)";
				SWIFT_EMIT_LOC_STRINGS = YES;
				SWIFT_VERSION = 5.0;
				TARGETED_DEVICE_FAMILY = "1,2";
			};
			name = Release;
		};
		CC8855B52D239CFD00979A72 /* Debug */ = {
			isa = XCBuildConfiguration;
			buildSettings = {
				BUNDLE_LOADER = "$(TEST_HOST)";
				CODE_SIGN_STYLE = Automatic;
				CURRENT_PROJECT_VERSION = 1;
				DEVELOPMENT_TEAM = XUDMG6K4WJ;
				GENERATE_INFOPLIST_FILE = YES;
				IPHONEOS_DEPLOYMENT_TARGET = 18.2;
				MARKETING_VERSION = 1.0;
				PRODUCT_BUNDLE_IDENTIFIER = yuyu.lin.NewLedgerTests;
				PRODUCT_NAME = "$(TARGET_NAME)";
				SWIFT_EMIT_LOC_STRINGS = NO;
				SWIFT_VERSION = 5.0;
				TARGETED_DEVICE_FAMILY = "1,2";
				TEST_HOST = "$(BUILT_PRODUCTS_DIR)/NewLedger.app/$(BUNDLE_EXECUTABLE_FOLDER_PATH)/NewLedger";
			};
			name = Debug;
		};
		CC8855B62D239CFD00979A72 /* Release */ = {
			isa = XCBuildConfiguration;
			buildSettings = {
				BUNDLE_LOADER = "$(TEST_HOST)";
				CODE_SIGN_STYLE = Automatic;
				CURRENT_PROJECT_VERSION = 1;
				DEVELOPMENT_TEAM = XUDMG6K4WJ;
				GENERATE_INFOPLIST_FILE = YES;
				IPHONEOS_DEPLOYMENT_TARGET = 18.2;
				MARKETING_VERSION = 1.0;
				PRODUCT_BUNDLE_IDENTIFIER = yuyu.lin.NewLedgerTests;
				PRODUCT_NAME = "$(TARGET_NAME)";
				SWIFT_EMIT_LOC_STRINGS = NO;
				SWIFT_VERSION = 5.0;
				TARGETED_DEVICE_FAMILY = "1,2";
				TEST_HOST = "$(BUILT_PRODUCTS_DIR)/NewLedger.app/$(BUNDLE_EXECUTABLE_FOLDER_PATH)/NewLedger";
			};
			name = Release;
		};
		CC8855B82D239CFD00979A72 /* Debug */ = {
			isa = XCBuildConfiguration;
			buildSettings = {
				CODE_SIGN_STYLE = Automatic;
				CURRENT_PROJECT_VERSION = 1;
				DEVELOPMENT_TEAM = XUDMG6K4WJ;
				GENERATE_INFOPLIST_FILE = YES;
				MARKETING_VERSION = 1.0;
				PRODUCT_BUNDLE_IDENTIFIER = yuyu.lin.NewLedgerUITests;
				PRODUCT_NAME = "$(TARGET_NAME)";
				SWIFT_EMIT_LOC_STRINGS = NO;
				SWIFT_VERSION = 5.0;
				TARGETED_DEVICE_FAMILY = "1,2";
				TEST_TARGET_NAME = NewLedger;
			};
			name = Debug;
		};
		CC8855B92D239CFD00979A72 /* Release */ = {
			isa = XCBuildConfiguration;
			buildSettings = {
				CODE_SIGN_STYLE = Automatic;
				CURRENT_PROJECT_VERSION = 1;
				DEVELOPMENT_TEAM = XUDMG6K4WJ;
				GENERATE_INFOPLIST_FILE = YES;
				MARKETING_VERSION = 1.0;
				PRODUCT_BUNDLE_IDENTIFIER = yuyu.lin.NewLedgerUITests;
				PRODUCT_NAME = "$(TARGET_NAME)";
				SWIFT_EMIT_LOC_STRINGS = NO;
				SWIFT_VERSION = 5.0;
				TARGETED_DEVICE_FAMILY = "1,2";
				TEST_TARGET_NAME = NewLedger;
			};
			name = Release;
		};
/* End XCBuildConfiguration section */

/* Begin XCConfigurationList section */
		CC8855882D239CFC00979A72 /* Build configuration list for PBXProject "NewLedger" */ = {
			isa = XCConfigurationList;
			buildConfigurations = (
				CC8855AF2D239CFD00979A72 /* Debug */,
				CC8855B02D239CFD00979A72 /* Release */,
			);
			defaultConfigurationIsVisible = 0;
			defaultConfigurationName = Release;
		};
		CC8855B12D239CFD00979A72 /* Build configuration list for PBXNativeTarget "NewLedger" */ = {
			isa = XCConfigurationList;
			buildConfigurations = (
				CC8855B22D239CFD00979A72 /* Debug */,
				CC8855B32D239CFD00979A72 /* Release */,
			);
			defaultConfigurationIsVisible = 0;
			defaultConfigurationName = Release;
		};
		CC8855B42D239CFD00979A72 /* Build configuration list for PBXNativeTarget "NewLedgerTests" */ = {
			isa = XCConfigurationList;
			buildConfigurations = (
				CC8855B52D239CFD00979A72 /* Debug */,
				CC8855B62D239CFD00979A72 /* Release */,
			);
			defaultConfigurationIsVisible = 0;
			defaultConfigurationName = Release;
		};
		CC8855B72D239CFD00979A72 /* Build configuration list for PBXNativeTarget "NewLedgerUITests" */ = {
			isa = XCConfigurationList;
			buildConfigurations = (
				CC8855B82D239CFD00979A72 /* Debug */,
				CC8855B92D239CFD00979A72 /* Release */,
			);
			defaultConfigurationIsVisible = 0;
			defaultConfigurationName = Release;
		};
/* End XCConfigurationList section */
	};
	rootObject = CC8855852D239CFC00979A72 /* Project object */;
}
